
Microsoft Visual Studio Solution File, Format Version 12.00
# Visual Studio Version 17
VisualStudioVersion = 17.3.32929.385
MinimumVisualStudioVersion = 10.0.40219.1
Project("{FAE04EC0-301F-11D3-BF4B-00C04F79EFBC}") = "Project 2 Perfect numbers", "Project 2 Perfect numbers.csproj", "{55BE358C-6271-4F48-B79F-D40D408D6586}"
EndProject
Global
	GlobalSection(SolutionConfigurationPlatforms) = preSolution
		Debug|Any CPU = Debug|Any CPU
		Release|Any CPU = Release|Any CPU
	EndGlobalSection
	GlobalSection(ProjectConfigurationPlatforms) = postSolution
		{55BE358C-6271-4F48-B79F-D40D408D6586}.Debug|Any CPU.ActiveCfg = Debug|Any CPU
		{55BE358C-6271-4F48-B79F-D40D408D6586}.Debug|Any CPU.Build.0 = Debug|Any CPU
		{55BE358C-6271-4F48-B79F-D40D408D6586}.Release|Any CPU.ActiveCfg = Release|Any CPU
		{55BE358C-6271-4F48-B79F-D40D408D6586}.Release|Any CPU.Build.0 = Release|Any CPU
	EndGlobalSection
	GlobalSection(SolutionProperties) = preSolution
		HideSolutionNode = FALSE
	EndGlobalSection
	GlobalSection(ExtensibilityGlobals) = postSolution
		SolutionGuid = {5FFEEFD6-1630-4E13-878E-1208923E39C6}
	EndGlobalSection
EndGlobal
